
Microsoft Visual Studio Solution File, Format Version 12.00
# Visual Studio Version 17
VisualStudioVersion = 17.11.35327.3
MinimumVisualStudioVersion = 10.0.40219.1
Project("{FAE04EC0-301F-11D3-BF4B-00C04F79EFBC}") = "BottleNet-Admin", "BottleNet-Admin\BottleNet-Admin.csproj", "{2E8882E9-1BB0-4E4A-BAD5-1DD912C481ED}"
EndProject
Global
	GlobalSection(SolutionConfigurationPlatforms) = preSolution
		Debug|Any CPU = Debug|Any CPU
		Release|Any CPU = Release|Any CPU
	EndGlobalSection
	GlobalSection(ProjectConfigurationPlatforms) = postSolution
		{2E8882E9-1BB0-4E4A-BAD5-1DD912C481ED}.Debug|Any CPU.ActiveCfg = Debug|Any CPU
		{2E8882E9-1BB0-4E4A-BAD5-1DD912C481ED}.Debug|Any CPU.Build.0 = Debug|Any CPU
		{2E8882E9-1BB0-4E4A-BAD5-1DD912C481ED}.Release|Any CPU.ActiveCfg = Release|Any CPU
		{2E8882E9-1BB0-4E4A-BAD5-1DD912C481ED}.Release|Any CPU.Build.0 = Release|Any CPU
	EndGlobalSection
	GlobalSection(SolutionProperties) = preSolution
		HideSolutionNode = FALSE
	EndGlobalSection
	GlobalSection(ExtensibilityGlobals) = postSolution
		SolutionGuid = {0F4DD211-3BCE-4989-BD0C-F75EC4FCB6FA}
	EndGlobalSection
EndGlobal
